{
  "R": {
    "Version": "4.1.1",
    "Repositories": [
      {
        "Name": "CRAN",
        "URL": "https://cran.rstudio.com"
      }
    ]
  },
  "Packages": {
    "MASS": {
      "Package": "MASS",
      "Version": "7.3-54",
      "Source": "Repository",
      "Repository": "CRAN",
      "Hash": "0e59129db205112e3963904db67fd0dc"
    },
    "Matrix": {
      "Package": "Matrix",
      "Version": "1.3-4",
      "Source": "CRAN",
      "Repository": "CRAN",
      "RemoteType": "standard",
      "RemotePkgRef": "Matrix",
      "RemoteRef": "Matrix",
      "RemoteRepos": "https://cran.rstudio.com/",
      "RemotePkgPlatform": "windows",
      "RemoteSha": "1.3-4",
      "Hash": "4ed05e9c9726267e4a5872e09c04587c"
    },
    "R6": {
      "Package": "R6",
      "Version": "2.5.1",
      "Source": "CRAN",
      "Repository": "CRAN",
      "RemoteType": "standard",
      "RemotePkgRef": "R6",
      "RemoteRef": "R6",
      "RemoteRepos": "https://cran.rstudio.com/",
      "RemotePkgPlatform": "windows",
      "RemoteSha": "2.5.1",
      "Hash": "470851b6d5d0ac559e9d01bb352b4021"
    },
    "RColorBrewer": {
      "Package": "RColorBrewer",
      "Version": "1.1-2",
      "Source": "CRAN",
      "Repository": "CRAN",
      "RemoteType": "standard",
      "RemotePkgRef": "RColorBrewer",
      "RemoteRef": "RColorBrewer",
      "RemoteRepos": "https://cran.rstudio.com/",
      "RemotePkgType": "windows",
      "RemoteSha": "1.1-2",
      "Hash": "e031418365a7f7a766181ab5a41a5716"
    },
    "Rcpp": {
      "Package": "Rcpp",
      "Version": "1.0.7",
      "Source": "CRAN",
      "Repository": "CRAN",
      "RemoteType": "standard",
      "RemotePkgRef": "Rcpp",
      "RemoteRef": "Rcpp",
      "RemoteRepos": "https://cran.rstudio.com/",
      "RemotePkgPlatform": "source",
      "RemoteSha": "1.0.7",
      "Hash": "dab19adae4440ae55aa8a9d238b246bb"
    },
    "assertthat": {
      "Package": "assertthat",
      "Version": "0.2.1",
      "Source": "CRAN",
      "Repository": "CRAN",
      "RemoteType": "standard",
      "RemotePkgRef": "assertthat",
      "RemoteRef": "assertthat",
      "RemoteRepos": "https://cran.rstudio.com/",
      "RemotePkgType": "windows",
      "RemoteSha": "0.2.1",
      "Hash": "50c838a310445e954bc13f26f26a6ecf"
    },
    "base64enc": {
      "Package": "base64enc",
      "Version": "0.1-3",
      "Source": "CRAN",
      "Repository": "CRAN",
      "RemoteType": "standard",
      "RemotePkgRef": "base64enc",
      "RemoteRef": "base64enc",
      "RemoteRepos": "https://cran.rstudio.com/",
      "RemotePkgType": "windows",
      "RemoteSha": "0.1-3",
      "Hash": "543776ae6848fde2f48ff3816d0628bc"
    },
    "bslib": {
      "Package": "bslib",
      "Version": "0.3.0",
      "Source": "CRAN",
      "Repository": "CRAN",
      "RemoteType": "standard",
      "RemotePkgRef": "bslib",
      "RemoteRef": "bslib",
      "RemoteRepos": "https://cran.rstudio.com/",
      "RemotePkgPlatform": "windows",
      "RemoteSha": "0.3.0",
      "Hash": "074ebc936dbcecd7115ed8083643b550"
    },
    "cli": {
      "Package": "cli",
      "Version": "3.0.1",
      "Source": "Repository",
      "Repository": "RSPM",
      "Hash": "e3ae5d68dea0c55a12ea12a9fda02e61"
    },
    "colorspace": {
      "Package": "colorspace",
      "Version": "2.0-2",
      "Source": "CRAN",
      "Repository": "CRAN",
      "RemoteType": "standard",
      "RemotePkgRef": "colorspace",
      "RemoteRef": "colorspace",
      "RemoteRepos": "https://cran.rstudio.com/",
      "RemotePkgPlatform": "source",
      "RemoteSha": "2.0-2",
      "Hash": "6baccb763ee83c0bd313460fdb8b8a84"
    },
    "crayon": {
      "Package": "crayon",
      "Version": "1.4.1",
      "Source": "CRAN",
      "Repository": "CRAN",
      "RemoteType": "standard",
      "RemotePkgRef": "crayon",
      "RemoteRef": "crayon",
      "RemoteRepos": "https://cran.rstudio.com/",
      "RemotePkgType": "windows",
      "RemoteSha": "1.4.1",
      "Hash": "e75525c55c70e5f4f78c9960a4b402e9"
    },
    "digest": {
      "Package": "digest",
      "Version": "0.6.28",
      "Source": "CRAN",
      "Repository": "CRAN",
      "RemoteType": "standard",
      "RemotePkgRef": "digest",
      "RemoteRef": "digest",
      "RemoteRepos": "https://cran.rstudio.com/",
      "RemotePkgPlatform": "windows",
      "RemoteSha": "0.6.28",
      "Hash": "49b5c6e230bfec487b8917d5a0c77cca"
    },
    "dplyr": {
      "Package": "dplyr",
      "Version": "1.0.7",
      "Source": "CRAN",
      "Repository": "CRAN",
      "RemoteType": "standard",
      "RemotePkgRef": "dplyr",
      "RemoteRef": "dplyr",
      "RemoteRepos": "https://cran.rstudio.com/",
      "RemotePkgPlatform": "windows",
      "RemoteSha": "1.0.7",
      "Hash": "36f1ae62f026c8ba9f9b5c9a08c03297"
    },
    "ellipsis": {
      "Package": "ellipsis",
      "Version": "0.3.2",
      "Source": "CRAN",
      "Repository": "CRAN",
      "RemoteType": "standard",
      "RemotePkgRef": "ellipsis",
      "RemoteRef": "ellipsis",
      "RemoteRepos": "https://cran.rstudio.com/",
      "RemotePkgType": "windows",
      "RemoteSha": "0.3.2",
      "Hash": "bb0eec2fe32e88d9e2836c2f73ea2077"
    },
    "emo": {
      "Package": "emo",
      "Version": "0.0.0.9000",
      "Source": "GitHub",
      "RemoteType": "github",
      "RemoteHost": "api.github.com",
      "RemoteRepo": "emo",
      "RemoteUsername": "hadley",
      "RemotePkgRef": "hadley/emo",
      "RemoteRef": "HEAD",
      "RemoteSha": "3f03b11491ce3d6fc5601e210927eff73bf8e350",
      "Hash": "a91f3ba0164bab2c88b7db03777db495"
    },
    "evaluate": {
      "Package": "evaluate",
      "Version": "0.14",
      "Source": "CRAN",
      "Repository": "CRAN",
      "RemoteType": "standard",
      "RemotePkgRef": "evaluate",
      "RemoteRef": "evaluate",
      "RemoteRepos": "https://cran.rstudio.com/",
      "RemotePkgType": "windows",
      "RemoteSha": "0.14",
      "Hash": "27a3e935fed8a91f5b8ec05083e7bcee"
    },
    "fansi": {
      "Package": "fansi",
      "Version": "0.5.0",
      "Source": "Repository",
      "Repository": "CRAN",
      "Hash": "d447b40982c576a72b779f0a3b3da227"
    },
    "farver": {
      "Package": "farver",
      "Version": "2.1.0",
      "Source": "CRAN",
      "Repository": "CRAN",
      "RemoteType": "standard",
      "RemotePkgRef": "farver",
      "RemoteRef": "farver",
      "RemoteRepos": "https://cran.rstudio.com/",
      "RemotePkgType": "windows",
      "RemoteSha": "2.1.0",
      "Hash": "c98eb5133d9cb9e1622b8691487f11bb"
    },
    "fastmap": {
      "Package": "fastmap",
      "Version": "1.1.0",
      "Source": "CRAN",
      "Repository": "CRAN",
      "RemoteType": "standard",
      "RemotePkgRef": "fastmap",
      "RemoteRef": "fastmap",
      "RemoteRepos": "https://cran.rstudio.com/",
      "RemotePkgType": "windows",
      "RemoteSha": "1.1.0",
      "Hash": "77bd60a6157420d4ffa93b27cf6a58b8"
    },
    "fontawesome": {
      "Package": "fontawesome",
      "Version": "0.2.2",
      "Source": "CRAN",
      "Repository": "CRAN",
      "RemoteType": "standard",
      "RemotePkgRef": "fontawesome",
      "RemoteRef": "fontawesome",
      "RemoteRepos": "https://cran.rstudio.com/",
      "RemotePkgPlatform": "windows",
      "RemoteSha": "0.2.2",
      "Hash": "55624ed409e46c5f358b2c060be87f67"
    },
    "fs": {
      "Package": "fs",
      "Version": "1.5.0",
      "Source": "CRAN",
      "Repository": "CRAN",
      "RemoteType": "standard",
      "RemotePkgRef": "fs",
      "RemoteRef": "fs",
      "RemoteRepos": "https://cran.rstudio.com/",
      "RemotePkgType": "windows",
      "RemoteSha": "1.5.0",
      "Hash": "44594a07a42e5f91fac9f93fda6d0109"
    },
    "generics": {
      "Package": "generics",
      "Version": "0.1.0",
      "Source": "CRAN",
      "Repository": "CRAN",
      "RemoteType": "standard",
      "RemotePkgRef": "generics",
      "RemoteRef": "generics",
      "RemoteRepos": "https://cran.rstudio.com/",
      "RemotePkgType": "windows",
      "RemoteSha": "0.1.0",
      "Hash": "4d243a9c10b00589889fe32314ffd902"
    },
    "ggplot2": {
      "Package": "ggplot2",
      "Version": "3.3.5",
      "Source": "CRAN",
      "Repository": "CRAN",
      "RemoteType": "standard",
      "RemotePkgRef": "ggplot2",
      "RemoteRef": "ggplot2",
      "RemoteRepos": "https://cran.rstudio.com/",
      "RemotePkgPlatform": "windows",
      "RemoteSha": "3.3.5",
      "Hash": "d7566c471c7b17e095dd023b9ef155ad"
    },
    "glue": {
      "Package": "glue",
      "Version": "1.4.2",
      "Source": "CRAN",
      "Repository": "CRAN",
      "RemoteType": "standard",
      "RemotePkgRef": "glue",
      "RemoteRef": "glue",
      "RemoteRepos": "https://cran.rstudio.com/",
      "RemotePkgType": "windows",
      "RemoteSha": "1.4.2",
      "Hash": "6efd734b14c6471cfe443345f3e35e29"
    },
    "gtable": {
      "Package": "gtable",
      "Version": "0.3.0",
      "Source": "CRAN",
      "Repository": "CRAN",
      "RemoteType": "standard",
      "RemotePkgRef": "gtable",
      "RemoteRef": "gtable",
      "RemoteRepos": "https://cran.rstudio.com/",
      "RemotePkgType": "windows",
      "RemoteSha": "0.3.0",
      "Hash": "ac5c6baf7822ce8732b343f14c072c4d"
    },
    "highr": {
      "Package": "highr",
      "Version": "0.9",
      "Source": "CRAN",
      "Repository": "CRAN",
      "RemoteType": "standard",
      "RemotePkgRef": "highr",
      "RemoteRef": "highr",
      "RemoteRepos": "https://cran.rstudio.com/",
      "RemotePkgType": "windows",
      "RemoteSha": "0.9",
      "Hash": "8eb36c8125038e648e5d111c0d7b2ed4"
    },
    "htmltools": {
      "Package": "htmltools",
      "Version": "0.5.2",
      "Source": "CRAN",
      "Repository": "CRAN",
      "RemoteType": "standard",
      "RemotePkgRef": "htmltools",
      "RemoteRef": "htmltools",
      "RemoteRepos": "https://cran.rstudio.com/",
      "RemotePkgPlatform": "windows",
      "RemoteSha": "0.5.2",
      "Hash": "526c484233f42522278ab06fb185cb26"
    },
    "httpuv": {
      "Package": "httpuv",
      "Version": "1.6.1",
      "Source": "CRAN",
      "Repository": "CRAN",
      "RemoteType": "standard",
      "RemotePkgRef": "httpuv",
      "RemoteRef": "httpuv",
      "RemoteRepos": "https://cran.rstudio.com/",
      "RemotePkgType": "windows",
      "RemoteSha": "1.6.1",
      "Hash": "54344a78aae37bc6ef39b1240969df8e"
    },
    "isoband": {
      "Package": "isoband",
      "Version": "0.2.4",
      "Source": "CRAN",
      "Repository": "CRAN",
      "RemoteType": "standard",
      "RemotePkgRef": "isoband",
      "RemoteRef": "isoband",
      "RemoteRepos": "https://cran.rstudio.com/",
      "RemotePkgType": "windows",
      "RemoteSha": "0.2.4",
      "Hash": "b2008df40fb297e3fef135c7e8eeec1a"
    },
    "jquerylib": {
      "Package": "jquerylib",
      "Version": "0.1.4",
      "Source": "CRAN",
      "Repository": "CRAN",
      "RemoteType": "standard",
      "RemotePkgRef": "jquerylib",
      "RemoteRef": "jquerylib",
      "RemoteRepos": "https://cran.rstudio.com/",
      "RemotePkgType": "windows",
      "RemoteSha": "0.1.4",
      "Hash": "5aab57a3bd297eee1c1d862735972182"
    },
    "jsonlite": {
      "Package": "jsonlite",
      "Version": "1.7.2",
      "Source": "CRAN",
      "Repository": "CRAN",
      "RemoteType": "standard",
      "RemotePkgRef": "jsonlite",
      "RemoteRef": "jsonlite",
      "RemoteRepos": "https://cran.rstudio.com/",
      "RemotePkgType": "windows",
      "RemoteSha": "1.7.2",
      "Hash": "98138e0994d41508c7a6b84a0600cfcb"
    },
    "knitr": {
      "Package": "knitr",
      "Version": "1.36",
      "Source": "CRAN",
      "Repository": "CRAN",
      "RemoteType": "standard",
      "RemotePkgRef": "knitr",
      "RemoteRef": "knitr",
      "RemoteRepos": "https://cran.rstudio.com/",
      "RemotePkgPlatform": "source",
      "RemoteSha": "1.36",
      "Hash": "46344b93f8854714cdf476433a59ed10"
    },
    "labeling": {
      "Package": "labeling",
      "Version": "0.4.2",
      "Source": "CRAN",
      "Repository": "CRAN",
      "RemoteType": "standard",
      "RemotePkgRef": "labeling",
      "RemoteRef": "labeling",
      "RemoteRepos": "https://cran.rstudio.com/",
      "RemotePkgType": "windows",
      "RemoteSha": "0.4.2",
      "Hash": "3d5108641f47470611a32d0bdf357a72"
    },
    "later": {
      "Package": "later",
      "Version": "1.3.0",
      "Source": "CRAN",
      "Repository": "CRAN",
      "RemoteType": "standard",
      "RemotePkgRef": "later",
      "RemoteRef": "later",
      "RemoteRepos": "https://cran.rstudio.com/",
      "RemotePkgPlatform": "windows",
      "RemoteSha": "1.3.0",
      "Hash": "7e7b457d7766bc47f2a5f21cc2984f8e"
    },
    "lattice": {
      "Package": "lattice",
      "Version": "0.20-44",
      "Source": "Repository",
      "Repository": "CRAN",
      "Hash": "f36bf1a849d9106dc2af72e501f9de41"
    },
    "lifecycle": {
      "Package": "lifecycle",
      "Version": "1.0.0",
      "Source": "CRAN",
      "Repository": "CRAN",
      "RemoteType": "standard",
      "RemotePkgRef": "lifecycle",
      "RemoteRef": "lifecycle",
      "RemoteRepos": "https://cran.rstudio.com/",
      "RemotePkgType": "windows",
      "RemoteSha": "1.0.0",
      "Hash": "3471fb65971f1a7b2d4ae7848cf2db8d"
    },
    "lubridate": {
      "Package": "lubridate",
      "Version": "1.7.10",
      "Source": "CRAN",
      "Repository": "CRAN",
      "RemoteType": "standard",
      "RemotePkgRef": "lubridate",
      "RemoteRef": "lubridate",
      "RemoteRepos": "https://cran.rstudio.com/",
      "RemotePkgPlatform": "windows",
      "RemoteSha": "1.7.10",
      "Hash": "1ebfdc8a3cfe8fe19184f5481972b092"
    },
    "magrittr": {
      "Package": "magrittr",
      "Version": "2.0.1",
      "Source": "CRAN",
      "Repository": "CRAN",
      "RemoteType": "standard",
      "RemotePkgRef": "magrittr",
      "RemoteRef": "magrittr",
      "RemoteRepos": "https://cran.rstudio.com/",
      "RemotePkgType": "windows",
      "RemoteSha": "2.0.1",
      "Hash": "41287f1ac7d28a92f0a286ed507928d3"
    },
    "metathis": {
      "Package": "metathis",
      "Version": "1.0.3",
      "Source": "Repository",
      "Repository": "CRAN",
      "Hash": "5056a889bccd51d78697799bc25ece39"
    },
    "mgcv": {
      "Package": "mgcv",
      "Version": "1.8-36",
      "Source": "CRAN",
      "Repository": "CRAN",
      "RemoteType": "standard",
      "RemotePkgRef": "mgcv",
      "RemoteRef": "mgcv",
      "RemoteRepos": "https://cran.rstudio.com/",
      "RemotePkgPlatform": "windows",
      "RemoteSha": "1.8-36",
      "Hash": "93cc747b0e1ad882a4570463c3575c23"
    },
    "mime": {
      "Package": "mime",
      "Version": "0.11",
      "Source": "CRAN",
      "Repository": "CRAN",
      "RemoteType": "standard",
      "RemotePkgRef": "mime",
      "RemoteRef": "mime",
      "RemoteRepos": "https://cran.rstudio.com/",
      "RemotePkgPlatform": "windows",
      "RemoteSha": "0.11",
      "Hash": "8974a907200fc9948d636fe7d85ca9fb"
    },
    "munsell": {
      "Package": "munsell",
      "Version": "0.5.0",
      "Source": "CRAN",
      "Repository": "CRAN",
      "RemoteType": "standard",
      "RemotePkgRef": "munsell",
      "RemoteRef": "munsell",
      "RemoteRepos": "https://cran.rstudio.com/",
      "RemotePkgType": "windows",
      "RemoteSha": "0.5.0",
      "Hash": "6dfe8bf774944bd5595785e3229d8771"
    },
    "nlme": {
      "Package": "nlme",
      "Version": "3.1-152",
      "Source": "Repository",
      "Repository": "CRAN",
      "Hash": "35de1ce639f20b5e10f7f46260730c65"
    },
    "palmerpenguins": {
      "Package": "palmerpenguins",
      "Version": "0.1.0",
      "Source": "CRAN",
      "Repository": "CRAN",
      "RemoteType": "standard",
      "RemotePkgRef": "palmerpenguins",
      "RemoteRef": "palmerpenguins",
      "RemoteRepos": "https://cran.rstudio.com/",
      "RemotePkgPlatform": "windows",
      "RemoteSha": "0.1.0",
      "Hash": "9a455031890b2adf20e19784a114ddd4"
    },
    "pillar": {
      "Package": "pillar",
      "Version": "1.6.2",
      "Source": "CRAN",
      "Repository": "CRAN",
      "RemoteType": "standard",
      "RemotePkgRef": "pillar",
      "RemoteRef": "pillar",
      "RemoteRepos": "https://cran.rstudio.com/",
      "RemotePkgPlatform": "windows",
      "RemoteSha": "1.6.2",
      "Hash": "43f228eb4b49093d1c8a5c93cae9efe9"
    },
    "pkgconfig": {
      "Package": "pkgconfig",
      "Version": "2.0.3",
      "Source": "CRAN",
      "Repository": "CRAN",
      "RemoteType": "standard",
      "RemotePkgRef": "pkgconfig",
      "RemoteRef": "pkgconfig",
      "RemoteRepos": "https://cran.rstudio.com/",
      "RemotePkgType": "windows",
      "RemoteSha": "2.0.3",
      "Hash": "01f28d4278f15c76cddbea05899c5d6f"
    },
    "promises": {
      "Package": "promises",
      "Version": "1.2.0.1",
      "Source": "CRAN",
      "Repository": "CRAN",
      "RemoteType": "standard",
      "RemotePkgRef": "promises",
      "RemoteRef": "promises",
      "RemoteRepos": "https://cran.rstudio.com/",
      "RemotePkgType": "windows",
      "RemoteSha": "1.2.0.1",
      "Hash": "4ab2c43adb4d4699cf3690acd378d75d"
    },
    "purrr": {
      "Package": "purrr",
      "Version": "0.3.4",
      "Source": "CRAN",
      "Repository": "CRAN",
      "RemoteType": "standard",
      "RemotePkgRef": "purrr",
      "RemoteRef": "purrr",
      "RemoteRepos": "https://cran.rstudio.com/",
      "RemotePkgType": "windows",
      "RemoteSha": "0.3.4",
      "Hash": "97def703420c8ab10d8f0e6c72101e02"
    },
    "rappdirs": {
      "Package": "rappdirs",
      "Version": "0.3.3",
      "Source": "CRAN",
      "Repository": "CRAN",
      "RemoteType": "standard",
      "RemotePkgRef": "rappdirs",
      "RemoteRef": "rappdirs",
      "RemoteRepos": "https://cran.rstudio.com/",
      "RemotePkgType": "windows",
      "RemoteSha": "0.3.3",
      "Hash": "5e3c5dc0b071b21fa128676560dbe94d"
    },
    "renv": {
      "Package": "renv",
      "Version": "0.14.0-8",
      "Source": "GitHub",
      "RemoteType": "github",
      "RemoteHost": "api.github.com",
      "RemoteRepo": "renv",
      "RemoteUsername": "rstudio",
      "RemotePkgRef": "rstudio/renv",
      "RemoteRef": "HEAD",
      "RemoteSha": "4642f5dc7058e067438966ef99a28c0b84fd87c8",
      "Hash": "955fb69e9e5b7d4b000dc40a90e91149"
    },
    "rlang": {
      "Package": "rlang",
      "Version": "0.4.11.9001",
      "Source": "GitHub",
      "RemoteType": "github",
      "RemoteHost": "api.github.com",
      "RemoteRepo": "rlang",
      "RemoteUsername": "r-lib",
      "RemotePkgRef": "r-lib/rlang",
      "RemoteRef": "HEAD",
      "RemoteSha": "ddc8b0f468a52b7e861e563f3d2ae961c6734e56",
      "Hash": "c742bb33acd661e144d0b85b7749b888"
    },
    "rmarkdown": {
      "Package": "rmarkdown",
      "Version": "2.11",
      "Source": "CRAN",
      "Repository": "CRAN",
      "RemoteType": "standard",
      "RemotePkgRef": "rmarkdown",
      "RemoteRef": "rmarkdown",
      "RemoteRepos": "https://cran.rstudio.com/",
      "RemotePkgPlatform": "source",
      "RemoteSha": "2.11",
      "Hash": "320017b52d05a943981272b295750388"
    },
    "sass": {
      "Package": "sass",
      "Version": "0.4.0",
      "Source": "CRAN",
      "Repository": "CRAN",
      "RemoteType": "standard",
      "RemotePkgRef": "sass",
      "RemoteRef": "sass",
      "RemoteRepos": "https://cran.rstudio.com/",
      "RemotePkgType": "windows",
      "RemoteSha": "0.4.0",
      "Hash": "50cf822feb64bb3977bda0b7091be623"
    },
    "scales": {
      "Package": "scales",
      "Version": "1.1.1",
      "Source": "CRAN",
      "Repository": "CRAN",
      "RemoteType": "standard",
      "RemotePkgRef": "scales",
      "RemoteRef": "scales",
      "RemoteRepos": "https://cran.rstudio.com/",
      "RemotePkgType": "windows",
      "RemoteSha": "1.1.1",
      "Hash": "6f76f71042411426ec8df6c54f34e6dd"
    },
    "servr": {
      "Package": "servr",
      "Version": "0.23.2",
      "Source": "GitHub",
      "RemoteType": "github",
      "RemoteHost": "api.github.com",
      "RemoteRepo": "servr",
      "RemoteUsername": "yihui",
      "RemotePkgRef": "yihui/servr",
      "RemoteRef": "HEAD",
      "RemoteSha": "f319a7ea2daa2223732554c76e70537c60f97d20",
      "Hash": "3d8d30a2e11af83b04af1fd9af496cba"
    },
    "stringi": {
      "Package": "stringi",
      "Version": "1.7.4",
      "Source": "CRAN",
      "Repository": "CRAN",
      "RemoteType": "standard",
      "RemotePkgRef": "stringi",
      "RemoteRef": "stringi",
      "RemoteRepos": "https://cran.rstudio.com/",
      "RemotePkgPlatform": "windows",
      "RemoteSha": "1.7.4",
      "Hash": "ebaccb577da50829a3bb1b8296f318a5"
    },
    "stringr": {
      "Package": "stringr",
      "Version": "1.4.0",
      "Source": "CRAN",
      "Repository": "CRAN",
      "RemoteType": "standard",
      "RemotePkgRef": "stringr",
      "RemoteRef": "stringr",
      "RemoteRepos": "https://cran.rstudio.com/",
      "RemotePkgType": "windows",
      "RemoteSha": "1.4.0",
      "Hash": "0759e6b6c0957edb1311028a49a35e76"
    },
    "tibble": {
      "Package": "tibble",
      "Version": "3.1.4",
      "Source": "CRAN",
      "Repository": "CRAN",
      "RemoteType": "standard",
      "RemotePkgRef": "tibble",
      "RemoteRef": "tibble",
      "RemoteRepos": "https://cran.rstudio.com/",
      "RemotePkgPlatform": "windows",
      "RemoteSha": "3.1.4",
      "Hash": "5e8ad5621e5c94b24ec07b88eee13df8"
    },
    "tidyselect": {
      "Package": "tidyselect",
      "Version": "1.1.1",
      "Source": "CRAN",
      "Repository": "CRAN",
      "RemoteType": "standard",
      "RemotePkgRef": "tidyselect",
      "RemoteRef": "tidyselect",
      "RemoteRepos": "https://cran.rstudio.com/",
      "RemotePkgType": "windows",
      "RemoteSha": "1.1.1",
      "Hash": "7243004a708d06d4716717fa1ff5b2fe"
    },
    "tinytex": {
      "Package": "tinytex",
      "Version": "0.33",
      "Source": "CRAN",
      "Repository": "CRAN",
      "RemoteType": "standard",
      "RemotePkgRef": "tinytex",
      "RemoteRef": "tinytex",
      "RemoteRepos": "https://cran.rstudio.com/",
      "RemotePkgPlatform": "windows",
      "RemoteSha": "0.33",
      "Hash": "6e0ad90ac5669e35d5456cb61b295acb"
    },
    "utf8": {
      "Package": "utf8",
      "Version": "1.2.2",
      "Source": "CRAN",
      "Repository": "CRAN",
      "RemoteType": "standard",
      "RemotePkgRef": "utf8",
      "RemoteRef": "utf8",
      "RemoteRepos": "https://cran.rstudio.com/",
      "RemotePkgPlatform": "windows",
      "RemoteSha": "1.2.2",
      "Hash": "c9c462b759a5cc844ae25b5942654d13"
    },
    "uuid": {
      "Package": "uuid",
      "Version": "0.1-4",
      "Source": "CRAN",
      "Repository": "CRAN",
      "RemoteType": "standard",
      "RemotePkgRef": "uuid",
      "RemoteRef": "uuid",
      "RemoteRepos": "https://cran.rstudio.com/",
      "RemotePkgType": "windows",
      "RemoteSha": "0.1-4",
      "Hash": "e4169eb989a5d03ccb6b628cad1b1b50"
    },
    "vctrs": {
      "Package": "vctrs",
      "Version": "0.3.8",
      "Source": "CRAN",
      "Repository": "CRAN",
      "RemoteType": "standard",
      "RemotePkgRef": "vctrs",
      "RemoteRef": "vctrs",
      "RemoteRepos": "https://cran.rstudio.com/",
      "RemotePkgType": "windows",
      "RemoteSha": "0.3.8",
      "Hash": "ecf749a1b39ea72bd9b51b76292261f1"
    },
    "viridisLite": {
      "Package": "viridisLite",
      "Version": "0.4.0",
      "Source": "CRAN",
      "Repository": "CRAN",
      "RemoteType": "standard",
      "RemotePkgRef": "viridisLite",
      "RemoteRef": "viridisLite",
      "RemoteRepos": "https://cran.rstudio.com/",
      "RemotePkgType": "windows",
      "RemoteSha": "0.4.0",
      "Hash": "55e157e2aa88161bdb0754218470d204"
    },
    "withr": {
      "Package": "withr",
      "Version": "2.4.2",
      "Source": "CRAN",
      "Repository": "CRAN",
      "RemoteType": "standard",
      "RemotePkgRef": "withr",
      "RemoteRef": "withr",
      "RemoteRepos": "https://cran.rstudio.com/",
      "RemotePkgType": "windows",
      "RemoteSha": "2.4.2",
      "Hash": "ad03909b44677f930fa156d47d7a3aeb"
    },
    "xaringan": {
      "Package": "xaringan",
      "Version": "0.22.1",
      "Source": "Local",
      "RemotePkgRef": "local::.",
      "RemoteType": "local",
      "Hash": "9060118dcc16ebda2c6611d9397885ab"
    },
    "xaringanExtra": {
      "Package": "xaringanExtra",
      "Version": "0.5.3",
      "Source": "GitHub",
      "RemoteType": "github",
      "RemoteHost": "api.github.com",
      "RemoteRepo": "xaringanExtra",
      "RemoteUsername": "gadenbuie",
      "RemotePkgRef": "gadenbuie/xaringanExtra",
      "RemoteRef": "HEAD",
      "RemoteSha": "38011b852995e86a99c2bcceef1a3308bb9aa648",
      "Hash": "8d011a9ced262a3c3847221112191087"
    },
    "xfun": {
      "Package": "xfun",
      "Version": "0.26",
      "Source": "CRAN",
      "Repository": "CRAN",
      "RemoteType": "standard",
      "RemotePkgRef": "xfun",
      "RemoteRef": "xfun",
      "RemoteRepos": "https://cran.rstudio.com/",
      "RemotePkgPlatform": "source",
      "RemoteSha": "0.26",
      "Hash": "a270216f7ffda25e53298293046d1d05"
    },
    "yaml": {
      "Package": "yaml",
      "Version": "2.2.1",
      "Source": "CRAN",
      "Repository": "CRAN",
      "RemoteType": "standard",
      "RemotePkgRef": "yaml",
      "RemoteRef": "yaml",
      "RemoteRepos": "https://cran.rstudio.com/",
      "RemotePkgType": "windows",
      "RemoteSha": "2.2.1",
      "Hash": "2826c5d9efb0a88f657c7a679c7106db"
    }
  }
}
